
Microsoft Visual Studio Solution File, Format Version 12.00
# Visual Studio 15
VisualStudioVersion = 15.0.26124.0
MinimumVisualStudioVersion = 15.0.26124.0
Project("{2150E333-8FDC-42A3-9474-1A3956D46DE8}") = "src", "src", "{7B0648B6-7F85-40B5-8D5F-0143DDDB5FF4}"
EndProject
Project("{FAE04EC0-301F-11D3-BF4B-00C04F79EFBC}") = "EvolutionaryAlgorithm.Abstraction", "src\Abstraction\EvolutionaryAlgorithm.Abstraction.csproj", "{D95A785D-06FD-43C3-820C-EF2B773B2032}"
EndProject
Project("{FAE04EC0-301F-11D3-BF4B-00C04F79EFBC}") = "EvolutionaryAlgorithm.GeneticAlgorithm.Core", "src\GeneticAlgorithm.Core\EvolutionaryAlgorithm.GeneticAlgorithm.Core.csproj", "{2831C346-8FDA-4E96-AEA6-29288FDEA411}"
EndProject
Project("{2150E333-8FDC-42A3-9474-1A3956D46DE8}") = "test", "test", "{C0E82290-4B2A-4D7B-8CD1-D71F35A731C0}"
EndProject
Project("{FAE04EC0-301F-11D3-BF4B-00C04F79EFBC}") = "EvolutionaryAlgorithm.GeneticAlgorithm.Core.Test", "test\GeneticAlgorithm.Core.Test\EvolutionaryAlgorithm.GeneticAlgorithm.Core.Test.csproj", "{98788367-B4EF-4E4D-8C05-BD09994B0ED4}"
EndProject
Project("{FAE04EC0-301F-11D3-BF4B-00C04F79EFBC}") = "EvolutionaryAlgorithm.Abstraction.Utility", "src\Abstraction.Utility\EvolutionaryAlgorithm.Abstraction.Utility.csproj", "{EF0606F1-0E01-4F4E-8D26-38BA4550E1B0}"
EndProject
Project("{FAE04EC0-301F-11D3-BF4B-00C04F79EFBC}") = "EvolutionaryAlgorithm.Primitive", "src\Primitive\EvolutionaryAlgorithm.Primitive.csproj", "{A1A4813B-6B36-43AD-ACC8-8B75075CFAAF}"
EndProject
Project("{FAE04EC0-301F-11D3-BF4B-00C04F79EFBC}") = "EvolutionaryAlgorithm.Primitive.Test", "test\Primitive.Test\EvolutionaryAlgorithm.Primitive.Test.csproj", "{A4B1CF18-1E77-43BE-86C4-1DFA2EF59585}"
EndProject
Global
	GlobalSection(SolutionConfigurationPlatforms) = preSolution
		Debug|Any CPU = Debug|Any CPU
		Debug|x64 = Debug|x64
		Debug|x86 = Debug|x86
		Release|Any CPU = Release|Any CPU
		Release|x64 = Release|x64
		Release|x86 = Release|x86
	EndGlobalSection
	GlobalSection(SolutionProperties) = preSolution
		HideSolutionNode = FALSE
	EndGlobalSection
	GlobalSection(ProjectConfigurationPlatforms) = postSolution
		{D95A785D-06FD-43C3-820C-EF2B773B2032}.Debug|Any CPU.ActiveCfg = Debug|Any CPU
		{D95A785D-06FD-43C3-820C-EF2B773B2032}.Debug|Any CPU.Build.0 = Debug|Any CPU
		{D95A785D-06FD-43C3-820C-EF2B773B2032}.Debug|x64.ActiveCfg = Debug|Any CPU
		{D95A785D-06FD-43C3-820C-EF2B773B2032}.Debug|x64.Build.0 = Debug|Any CPU
		{D95A785D-06FD-43C3-820C-EF2B773B2032}.Debug|x86.ActiveCfg = Debug|Any CPU
		{D95A785D-06FD-43C3-820C-EF2B773B2032}.Debug|x86.Build.0 = Debug|Any CPU
		{D95A785D-06FD-43C3-820C-EF2B773B2032}.Release|Any CPU.ActiveCfg = Release|Any CPU
		{D95A785D-06FD-43C3-820C-EF2B773B2032}.Release|Any CPU.Build.0 = Release|Any CPU
		{D95A785D-06FD-43C3-820C-EF2B773B2032}.Release|x64.ActiveCfg = Release|Any CPU
		{D95A785D-06FD-43C3-820C-EF2B773B2032}.Release|x64.Build.0 = Release|Any CPU
		{D95A785D-06FD-43C3-820C-EF2B773B2032}.Release|x86.ActiveCfg = Release|Any CPU
		{D95A785D-06FD-43C3-820C-EF2B773B2032}.Release|x86.Build.0 = Release|Any CPU
		{2831C346-8FDA-4E96-AEA6-29288FDEA411}.Debug|Any CPU.ActiveCfg = Debug|Any CPU
		{2831C346-8FDA-4E96-AEA6-29288FDEA411}.Debug|Any CPU.Build.0 = Debug|Any CPU
		{2831C346-8FDA-4E96-AEA6-29288FDEA411}.Debug|x64.ActiveCfg = Debug|Any CPU
		{2831C346-8FDA-4E96-AEA6-29288FDEA411}.Debug|x64.Build.0 = Debug|Any CPU
		{2831C346-8FDA-4E96-AEA6-29288FDEA411}.Debug|x86.ActiveCfg = Debug|Any CPU
		{2831C346-8FDA-4E96-AEA6-29288FDEA411}.Debug|x86.Build.0 = Debug|Any CPU
		{2831C346-8FDA-4E96-AEA6-29288FDEA411}.Release|Any CPU.ActiveCfg = Release|Any CPU
		{2831C346-8FDA-4E96-AEA6-29288FDEA411}.Release|Any CPU.Build.0 = Release|Any CPU
		{2831C346-8FDA-4E96-AEA6-29288FDEA411}.Release|x64.ActiveCfg = Release|Any CPU
		{2831C346-8FDA-4E96-AEA6-29288FDEA411}.Release|x64.Build.0 = Release|Any CPU
		{2831C346-8FDA-4E96-AEA6-29288FDEA411}.Release|x86.ActiveCfg = Release|Any CPU
		{2831C346-8FDA-4E96-AEA6-29288FDEA411}.Release|x86.Build.0 = Release|Any CPU
		{98788367-B4EF-4E4D-8C05-BD09994B0ED4}.Debug|Any CPU.ActiveCfg = Debug|Any CPU
		{98788367-B4EF-4E4D-8C05-BD09994B0ED4}.Debug|Any CPU.Build.0 = Debug|Any CPU
		{98788367-B4EF-4E4D-8C05-BD09994B0ED4}.Debug|x64.ActiveCfg = Debug|Any CPU
		{98788367-B4EF-4E4D-8C05-BD09994B0ED4}.Debug|x64.Build.0 = Debug|Any CPU
		{98788367-B4EF-4E4D-8C05-BD09994B0ED4}.Debug|x86.ActiveCfg = Debug|Any CPU
		{98788367-B4EF-4E4D-8C05-BD09994B0ED4}.Debug|x86.Build.0 = Debug|Any CPU
		{98788367-B4EF-4E4D-8C05-BD09994B0ED4}.Release|Any CPU.ActiveCfg = Release|Any CPU
		{98788367-B4EF-4E4D-8C05-BD09994B0ED4}.Release|Any CPU.Build.0 = Release|Any CPU
		{98788367-B4EF-4E4D-8C05-BD09994B0ED4}.Release|x64.ActiveCfg = Release|Any CPU
		{98788367-B4EF-4E4D-8C05-BD09994B0ED4}.Release|x64.Build.0 = Release|Any CPU
		{98788367-B4EF-4E4D-8C05-BD09994B0ED4}.Release|x86.ActiveCfg = Release|Any CPU
		{98788367-B4EF-4E4D-8C05-BD09994B0ED4}.Release|x86.Build.0 = Release|Any CPU
		{EF0606F1-0E01-4F4E-8D26-38BA4550E1B0}.Debug|Any CPU.ActiveCfg = Debug|Any CPU
		{EF0606F1-0E01-4F4E-8D26-38BA4550E1B0}.Debug|Any CPU.Build.0 = Debug|Any CPU
		{EF0606F1-0E01-4F4E-8D26-38BA4550E1B0}.Debug|x64.ActiveCfg = Debug|Any CPU
		{EF0606F1-0E01-4F4E-8D26-38BA4550E1B0}.Debug|x64.Build.0 = Debug|Any CPU
		{EF0606F1-0E01-4F4E-8D26-38BA4550E1B0}.Debug|x86.ActiveCfg = Debug|Any CPU
		{EF0606F1-0E01-4F4E-8D26-38BA4550E1B0}.Debug|x86.Build.0 = Debug|Any CPU
		{EF0606F1-0E01-4F4E-8D26-38BA4550E1B0}.Release|Any CPU.ActiveCfg = Release|Any CPU
		{EF0606F1-0E01-4F4E-8D26-38BA4550E1B0}.Release|Any CPU.Build.0 = Release|Any CPU
		{EF0606F1-0E01-4F4E-8D26-38BA4550E1B0}.Release|x64.ActiveCfg = Release|Any CPU
		{EF0606F1-0E01-4F4E-8D26-38BA4550E1B0}.Release|x64.Build.0 = Release|Any CPU
		{EF0606F1-0E01-4F4E-8D26-38BA4550E1B0}.Release|x86.ActiveCfg = Release|Any CPU
		{EF0606F1-0E01-4F4E-8D26-38BA4550E1B0}.Release|x86.Build.0 = Release|Any CPU
		{A1A4813B-6B36-43AD-ACC8-8B75075CFAAF}.Debug|Any CPU.ActiveCfg = Debug|Any CPU
		{A1A4813B-6B36-43AD-ACC8-8B75075CFAAF}.Debug|Any CPU.Build.0 = Debug|Any CPU
		{A1A4813B-6B36-43AD-ACC8-8B75075CFAAF}.Debug|x64.ActiveCfg = Debug|Any CPU
		{A1A4813B-6B36-43AD-ACC8-8B75075CFAAF}.Debug|x64.Build.0 = Debug|Any CPU
		{A1A4813B-6B36-43AD-ACC8-8B75075CFAAF}.Debug|x86.ActiveCfg = Debug|Any CPU
		{A1A4813B-6B36-43AD-ACC8-8B75075CFAAF}.Debug|x86.Build.0 = Debug|Any CPU
		{A1A4813B-6B36-43AD-ACC8-8B75075CFAAF}.Release|Any CPU.ActiveCfg = Release|Any CPU
		{A1A4813B-6B36-43AD-ACC8-8B75075CFAAF}.Release|Any CPU.Build.0 = Release|Any CPU
		{A1A4813B-6B36-43AD-ACC8-8B75075CFAAF}.Release|x64.ActiveCfg = Release|Any CPU
		{A1A4813B-6B36-43AD-ACC8-8B75075CFAAF}.Release|x64.Build.0 = Release|Any CPU
		{A1A4813B-6B36-43AD-ACC8-8B75075CFAAF}.Release|x86.ActiveCfg = Release|Any CPU
		{A1A4813B-6B36-43AD-ACC8-8B75075CFAAF}.Release|x86.Build.0 = Release|Any CPU
		{A4B1CF18-1E77-43BE-86C4-1DFA2EF59585}.Debug|Any CPU.ActiveCfg = Debug|Any CPU
		{A4B1CF18-1E77-43BE-86C4-1DFA2EF59585}.Debug|Any CPU.Build.0 = Debug|Any CPU
		{A4B1CF18-1E77-43BE-86C4-1DFA2EF59585}.Debug|x64.ActiveCfg = Debug|Any CPU
		{A4B1CF18-1E77-43BE-86C4-1DFA2EF59585}.Debug|x64.Build.0 = Debug|Any CPU
		{A4B1CF18-1E77-43BE-86C4-1DFA2EF59585}.Debug|x86.ActiveCfg = Debug|Any CPU
		{A4B1CF18-1E77-43BE-86C4-1DFA2EF59585}.Debug|x86.Build.0 = Debug|Any CPU
		{A4B1CF18-1E77-43BE-86C4-1DFA2EF59585}.Release|Any CPU.ActiveCfg = Release|Any CPU
		{A4B1CF18-1E77-43BE-86C4-1DFA2EF59585}.Release|Any CPU.Build.0 = Release|Any CPU
		{A4B1CF18-1E77-43BE-86C4-1DFA2EF59585}.Release|x64.ActiveCfg = Release|Any CPU
		{A4B1CF18-1E77-43BE-86C4-1DFA2EF59585}.Release|x64.Build.0 = Release|Any CPU
		{A4B1CF18-1E77-43BE-86C4-1DFA2EF59585}.Release|x86.ActiveCfg = Release|Any CPU
		{A4B1CF18-1E77-43BE-86C4-1DFA2EF59585}.Release|x86.Build.0 = Release|Any CPU
	EndGlobalSection
	GlobalSection(NestedProjects) = preSolution
		{D95A785D-06FD-43C3-820C-EF2B773B2032} = {7B0648B6-7F85-40B5-8D5F-0143DDDB5FF4}
		{2831C346-8FDA-4E96-AEA6-29288FDEA411} = {7B0648B6-7F85-40B5-8D5F-0143DDDB5FF4}
		{98788367-B4EF-4E4D-8C05-BD09994B0ED4} = {C0E82290-4B2A-4D7B-8CD1-D71F35A731C0}
		{EF0606F1-0E01-4F4E-8D26-38BA4550E1B0} = {7B0648B6-7F85-40B5-8D5F-0143DDDB5FF4}
		{A1A4813B-6B36-43AD-ACC8-8B75075CFAAF} = {7B0648B6-7F85-40B5-8D5F-0143DDDB5FF4}
		{A4B1CF18-1E77-43BE-86C4-1DFA2EF59585} = {C0E82290-4B2A-4D7B-8CD1-D71F35A731C0}
	EndGlobalSection
EndGlobal
