
Microsoft Visual Studio Solution File, Format Version 12.00
# Visual Studio 15
VisualStudioVersion = 15.0.26124.0
MinimumVisualStudioVersion = 15.0.26124.0
Project("{2150E333-8FDC-42A3-9474-1A3956D46DE8}") = "src", "src", "{ED6E8C6F-4793-4348-A22D-87EEE25C879C}"
EndProject
Project("{FAE04EC0-301F-11D3-BF4B-00C04F79EFBC}") = "EvolutionaryAlgorithm.Abstraction", "src\Abstraction\EvolutionaryAlgorithm.Abstraction.csproj", "{A0858377-EE97-4382-B0F0-3C98AB3547E6}"
EndProject
Project("{FAE04EC0-301F-11D3-BF4B-00C04F79EFBC}") = "EvolutionaryAlgorithm.GeneticAlgorithm.NSGA2", "src\GeneticAlgorithm.NSGA2\EvolutionaryAlgorithm.GeneticAlgorithm.NSGA2.csproj", "{C86DB466-D581-436C-939B-83EC8A5AF013}"
EndProject
Project("{2150E333-8FDC-42A3-9474-1A3956D46DE8}") = "test", "test", "{543D5A94-CEAE-491E-8005-6A3DA7053ECC}"
EndProject
Project("{FAE04EC0-301F-11D3-BF4B-00C04F79EFBC}") = "EvolutionaryAlgorithm.GeneticAlgorithm.NSGA2.Test", "test\GeneticAlgorithm.NSGA2.Test\EvolutionaryAlgorithm.GeneticAlgorithm.NSGA2.Test.csproj", "{D709C1D6-085D-4F4D-B5FF-F1B7AC7F5D6E}"
EndProject
Global
	GlobalSection(SolutionConfigurationPlatforms) = preSolution
		Debug|Any CPU = Debug|Any CPU
		Debug|x64 = Debug|x64
		Debug|x86 = Debug|x86
		Release|Any CPU = Release|Any CPU
		Release|x64 = Release|x64
		Release|x86 = Release|x86
	EndGlobalSection
	GlobalSection(SolutionProperties) = preSolution
		HideSolutionNode = FALSE
	EndGlobalSection
	GlobalSection(ProjectConfigurationPlatforms) = postSolution
		{A0858377-EE97-4382-B0F0-3C98AB3547E6}.Debug|Any CPU.ActiveCfg = Debug|Any CPU
		{A0858377-EE97-4382-B0F0-3C98AB3547E6}.Debug|Any CPU.Build.0 = Debug|Any CPU
		{A0858377-EE97-4382-B0F0-3C98AB3547E6}.Debug|x64.ActiveCfg = Debug|Any CPU
		{A0858377-EE97-4382-B0F0-3C98AB3547E6}.Debug|x64.Build.0 = Debug|Any CPU
		{A0858377-EE97-4382-B0F0-3C98AB3547E6}.Debug|x86.ActiveCfg = Debug|Any CPU
		{A0858377-EE97-4382-B0F0-3C98AB3547E6}.Debug|x86.Build.0 = Debug|Any CPU
		{A0858377-EE97-4382-B0F0-3C98AB3547E6}.Release|Any CPU.ActiveCfg = Release|Any CPU
		{A0858377-EE97-4382-B0F0-3C98AB3547E6}.Release|Any CPU.Build.0 = Release|Any CPU
		{A0858377-EE97-4382-B0F0-3C98AB3547E6}.Release|x64.ActiveCfg = Release|Any CPU
		{A0858377-EE97-4382-B0F0-3C98AB3547E6}.Release|x64.Build.0 = Release|Any CPU
		{A0858377-EE97-4382-B0F0-3C98AB3547E6}.Release|x86.ActiveCfg = Release|Any CPU
		{A0858377-EE97-4382-B0F0-3C98AB3547E6}.Release|x86.Build.0 = Release|Any CPU
		{C86DB466-D581-436C-939B-83EC8A5AF013}.Debug|Any CPU.ActiveCfg = Debug|Any CPU
		{C86DB466-D581-436C-939B-83EC8A5AF013}.Debug|Any CPU.Build.0 = Debug|Any CPU
		{C86DB466-D581-436C-939B-83EC8A5AF013}.Debug|x64.ActiveCfg = Debug|Any CPU
		{C86DB466-D581-436C-939B-83EC8A5AF013}.Debug|x64.Build.0 = Debug|Any CPU
		{C86DB466-D581-436C-939B-83EC8A5AF013}.Debug|x86.ActiveCfg = Debug|Any CPU
		{C86DB466-D581-436C-939B-83EC8A5AF013}.Debug|x86.Build.0 = Debug|Any CPU
		{C86DB466-D581-436C-939B-83EC8A5AF013}.Release|Any CPU.ActiveCfg = Release|Any CPU
		{C86DB466-D581-436C-939B-83EC8A5AF013}.Release|Any CPU.Build.0 = Release|Any CPU
		{C86DB466-D581-436C-939B-83EC8A5AF013}.Release|x64.ActiveCfg = Release|Any CPU
		{C86DB466-D581-436C-939B-83EC8A5AF013}.Release|x64.Build.0 = Release|Any CPU
		{C86DB466-D581-436C-939B-83EC8A5AF013}.Release|x86.ActiveCfg = Release|Any CPU
		{C86DB466-D581-436C-939B-83EC8A5AF013}.Release|x86.Build.0 = Release|Any CPU
		{D709C1D6-085D-4F4D-B5FF-F1B7AC7F5D6E}.Debug|Any CPU.ActiveCfg = Debug|Any CPU
		{D709C1D6-085D-4F4D-B5FF-F1B7AC7F5D6E}.Debug|Any CPU.Build.0 = Debug|Any CPU
		{D709C1D6-085D-4F4D-B5FF-F1B7AC7F5D6E}.Debug|x64.ActiveCfg = Debug|Any CPU
		{D709C1D6-085D-4F4D-B5FF-F1B7AC7F5D6E}.Debug|x64.Build.0 = Debug|Any CPU
		{D709C1D6-085D-4F4D-B5FF-F1B7AC7F5D6E}.Debug|x86.ActiveCfg = Debug|Any CPU
		{D709C1D6-085D-4F4D-B5FF-F1B7AC7F5D6E}.Debug|x86.Build.0 = Debug|Any CPU
		{D709C1D6-085D-4F4D-B5FF-F1B7AC7F5D6E}.Release|Any CPU.ActiveCfg = Release|Any CPU
		{D709C1D6-085D-4F4D-B5FF-F1B7AC7F5D6E}.Release|Any CPU.Build.0 = Release|Any CPU
		{D709C1D6-085D-4F4D-B5FF-F1B7AC7F5D6E}.Release|x64.ActiveCfg = Release|Any CPU
		{D709C1D6-085D-4F4D-B5FF-F1B7AC7F5D6E}.Release|x64.Build.0 = Release|Any CPU
		{D709C1D6-085D-4F4D-B5FF-F1B7AC7F5D6E}.Release|x86.ActiveCfg = Release|Any CPU
		{D709C1D6-085D-4F4D-B5FF-F1B7AC7F5D6E}.Release|x86.Build.0 = Release|Any CPU
	EndGlobalSection
	GlobalSection(NestedProjects) = preSolution
		{A0858377-EE97-4382-B0F0-3C98AB3547E6} = {ED6E8C6F-4793-4348-A22D-87EEE25C879C}
		{C86DB466-D581-436C-939B-83EC8A5AF013} = {ED6E8C6F-4793-4348-A22D-87EEE25C879C}
		{D709C1D6-085D-4F4D-B5FF-F1B7AC7F5D6E} = {543D5A94-CEAE-491E-8005-6A3DA7053ECC}
	EndGlobalSection
EndGlobal
